// !$*UTF8*$!
{
	archiveVersion = 1;
	classes = {
	};
	objectVersion = 46;
	objects = {

/* Begin PBXBuildFile section */
		2207DE3A1B9BD42E005B322D /* hyBridViewController.m in Sources */ = {isa = PBXBuildFile; fileRef = 2207DE391B9BD42E005B322D /* hyBridViewController.m */; };
		2207DE3C1B9BD5DB005B322D /* act.swift in Sources */ = {isa = PBXBuildFile; fileRef = 2207DE3B1B9BD5DB005B322D /* act.swift */; };
		223321191B9689AB0003B9E6 /* threeViewController.swift in Sources */ = {isa = PBXBuildFile; fileRef = 223321181B9689AB0003B9E6 /* threeViewController.swift */; };
		2233211B1B96D1FF0003B9E6 /* FourViewController.swift in Sources */ = {isa = PBXBuildFile; fileRef = 2233211A1B96D1FF0003B9E6 /* FourViewController.swift */; };
		2234A08B1B9574F800A78D8F /* AppDelegate.swift in Sources */ = {isa = PBXBuildFile; fileRef = 2234A08A1B9574F800A78D8F /* AppDelegate.swift */; };
		2234A08D1B9574F800A78D8F /* ViewController.swift in Sources */ = {isa = PBXBuildFile; fileRef = 2234A08C1B9574F800A78D8F /* ViewController.swift */; };
		2234A0901B9574F800A78D8F /* Main.storyboard in Resources */ = {isa = PBXBuildFile; fileRef = 2234A08E1B9574F800A78D8F /* Main.storyboard */; };
		2234A0921B9574F800A78D8F /* Images.xcassets in Resources */ = {isa = PBXBuildFile; fileRef = 2234A0911B9574F800A78D8F /* Images.xcassets */; };
		2234A0951B9574F800A78D8F /* LaunchScreen.xib in Resources */ = {isa = PBXBuildFile; fileRef = 2234A0931B9574F800A78D8F /* LaunchScreen.xib */; };
		2234A0A11B9574F900A78D8F /* UItableViewTests.swift in Sources */ = {isa = PBXBuildFile; fileRef = 2234A0A01B9574F900A78D8F /* UItableViewTests.swift */; };
		2234A0AB1B95776000A78D8F /* FirstTableViewCell.swift in Sources */ = {isa = PBXBuildFile; fileRef = 2234A0AA1B95776000A78D8F /* FirstTableViewCell.swift */; };
		22DC3C8C1B958CE50059FA35 /* wodehaizi@2x.png in Resources */ = {isa = PBXBuildFile; fileRef = 22DC3C8B1B958CE50059FA35 /* wodehaizi@2x.png */; };
		22DC3C8E1B959E1B0059FA35 /* SecondViewController.swift in Sources */ = {isa = PBXBuildFile; fileRef = 22DC3C8D1B959E1B0059FA35 /* SecondViewController.swift */; };
		22DFDEE11B9C1E4300DD271B /* RequestClient.swift in Sources */ = {isa = PBXBuildFile; fileRef = 22DFDEE01B9C1E4300DD271B /* RequestClient.swift */; };
		22DFDEE31B9C1FDE00DD271B /* RequestAPI.swift in Sources */ = {isa = PBXBuildFile; fileRef = 22DFDEE21B9C1FDE00DD271B /* RequestAPI.swift */; };
		D7671D59A88A1147F17C7FBF /* libPods.a in Frameworks */ = {isa = PBXBuildFile; fileRef = 1AE48FCFF85AD2FE167DA21F /* libPods.a */; };
/* End PBXBuildFile section */

/* Begin PBXContainerItemProxy section */
		2234A09B1B9574F900A78D8F /* PBXContainerItemProxy */ = {
			isa = PBXContainerItemProxy;
			containerPortal = 2234A07D1B9574F800A78D8F /* Project object */;
			proxyType = 1;
			remoteGlobalIDString = 2234A0841B9574F800A78D8F;
			remoteInfo = UItableView;
		};
/* End PBXContainerItemProxy section */

/* Begin PBXFileReference section */
		1AE48FCFF85AD2FE167DA21F /* libPods.a */ = {isa = PBXFileReference; explicitFileType = archive.ar; includeInIndex = 0; path = libPods.a; sourceTree = BUILT_PRODUCTS_DIR; };
		2207DE371B9BD42E005B322D /* UItableView-Bridging-Header.h */ = {isa = PBXFileReference; lastKnownFileType = sourcecode.c.h; path = "UItableView-Bridging-Header.h"; sourceTree = "<group>"; };
		2207DE381B9BD42E005B322D /* hyBridViewController.h */ = {isa = PBXFileReference; fileEncoding = 4; lastKnownFileType = sourcecode.c.h; path = hyBridViewController.h; sourceTree = "<group>"; };
		2207DE391B9BD42E005B322D /* hyBridViewController.m */ = {isa = PBXFileReference; fileEncoding = 4; lastKnownFileType = sourcecode.c.objc; path = hyBridViewController.m; sourceTree = "<group>"; };
		2207DE3B1B9BD5DB005B322D /* act.swift */ = {isa = PBXFileReference; fileEncoding = 4; lastKnownFileType = sourcecode.swift; path = act.swift; sourceTree = "<group>"; };
		223321181B9689AB0003B9E6 /* threeViewController.swift */ = {isa = PBXFileReference; fileEncoding = 4; lastKnownFileType = sourcecode.swift; path = threeViewController.swift; sourceTree = "<group>"; };
		2233211A1B96D1FF0003B9E6 /* FourViewController.swift */ = {isa = PBXFileReference; fileEncoding = 4; lastKnownFileType = sourcecode.swift; path = FourViewController.swift; sourceTree = "<group>"; };
		2234A0851B9574F800A78D8F /* UItableView.app */ = {isa = PBXFileReference; explicitFileType = wrapper.application; includeInIndex = 0; path = UItableView.app; sourceTree = BUILT_PRODUCTS_DIR; };
		2234A0891B9574F800A78D8F /* Info.plist */ = {isa = PBXFileReference; lastKnownFileType = text.plist.xml; path = Info.plist; sourceTree = "<group>"; };
		2234A08A1B9574F800A78D8F /* AppDelegate.swift */ = {isa = PBXFileReference; lastKnownFileType = sourcecode.swift; path = AppDelegate.swift; sourceTree = "<group>"; };
		2234A08C1B9574F800A78D8F /* ViewController.swift */ = {isa = PBXFileReference; lastKnownFileType = sourcecode.swift; path = ViewController.swift; sourceTree = "<group>"; };
		2234A08F1B9574F800A78D8F /* Base */ = {isa = PBXFileReference; lastKnownFileType = file.storyboard; name = Base; path = Base.lproj/Main.storyboard; sourceTree = "<group>"; };
		2234A0911B9574F800A78D8F /* Images.xcassets */ = {isa = PBXFileReference; lastKnownFileType = folder.assetcatalog; path = Images.xcassets; sourceTree = "<group>"; };
		2234A0941B9574F800A78D8F /* Base */ = {isa = PBXFileReference; lastKnownFileType = file.xib; name = Base; path = Base.lproj/LaunchScreen.xib; sourceTree = "<group>"; };
		2234A09A1B9574F900A78D8F /* UItableViewTests.xctest */ = {isa = PBXFileReference; explicitFileType = wrapper.cfbundle; includeInIndex = 0; path = UItableViewTests.xctest; sourceTree = BUILT_PRODUCTS_DIR; };
		2234A09F1B9574F900A78D8F /* Info.plist */ = {isa = PBXFileReference; lastKnownFileType = text.plist.xml; path = Info.plist; sourceTree = "<group>"; };
		2234A0A01B9574F900A78D8F /* UItableViewTests.swift */ = {isa = PBXFileReference; lastKnownFileType = sourcecode.swift; path = UItableViewTests.swift; sourceTree = "<group>"; };
		2234A0AA1B95776000A78D8F /* FirstTableViewCell.swift */ = {isa = PBXFileReference; fileEncoding = 4; lastKnownFileType = sourcecode.swift; path = FirstTableViewCell.swift; sourceTree = "<group>"; };
		22DC3C8B1B958CE50059FA35 /* wodehaizi@2x.png */ = {isa = PBXFileReference; lastKnownFileType = image.png; path = "wodehaizi@2x.png"; sourceTree = "<group>"; };
		22DC3C8D1B959E1B0059FA35 /* SecondViewController.swift */ = {isa = PBXFileReference; fileEncoding = 4; lastKnownFileType = sourcecode.swift; path = SecondViewController.swift; sourceTree = "<group>"; };
		22DFDEE01B9C1E4300DD271B /* RequestClient.swift */ = {isa = PBXFileReference; fileEncoding = 4; lastKnownFileType = sourcecode.swift; path = RequestClient.swift; sourceTree = "<group>"; };
		22DFDEE21B9C1FDE00DD271B /* RequestAPI.swift */ = {isa = PBXFileReference; fileEncoding = 4; lastKnownFileType = sourcecode.swift; path = RequestAPI.swift; sourceTree = "<group>"; };
		46C04144FD3E6E3652F6192A /* Pods.debug.xcconfig */ = {isa = PBXFileReference; includeInIndex = 1; lastKnownFileType = text.xcconfig; name = Pods.debug.xcconfig; path = "Pods/Target Support Files/Pods/Pods.debug.xcconfig"; sourceTree = "<group>"; };
		FEC021855DB86DF3BD8CF1F3 /* Pods.release.xcconfig */ = {isa = PBXFileReference; includeInIndex = 1; lastKnownFileType = text.xcconfig; name = Pods.release.xcconfig; path = "Pods/Target Support Files/Pods/Pods.release.xcconfig"; sourceTree = "<group>"; };
/* End PBXFileReference section */

/* Begin PBXFrameworksBuildPhase section */
		2234A0821B9574F800A78D8F /* Frameworks */ = {
			isa = PBXFrameworksBuildPhase;
			buildActionMask = 2147483647;
			files = (
				D7671D59A88A1147F17C7FBF /* libPods.a in Frameworks */,
			);
			runOnlyForDeploymentPostprocessing = 0;
		};
		2234A0971B9574F900A78D8F /* Frameworks */ = {
			isa = PBXFrameworksBuildPhase;
			buildActionMask = 2147483647;
			files = (
			);
			runOnlyForDeploymentPostprocessing = 0;
		};
/* End PBXFrameworksBuildPhase section */

/* Begin PBXGroup section */
		2234A07C1B9574F800A78D8F = {
			isa = PBXGroup;
			children = (
				2234A0871B9574F800A78D8F /* UItableView */,
				2234A09D1B9574F900A78D8F /* UItableViewTests */,
				2234A0861B9574F800A78D8F /* Products */,
				682B6A4381065182552D40EC /* Pods */,
				B73B8FB2CE323BF5CA6FCFC2 /* Frameworks */,
			);
			sourceTree = "<group>";
		};
		2234A0861B9574F800A78D8F /* Products */ = {
			isa = PBXGroup;
			children = (
				2234A0851B9574F800A78D8F /* UItableView.app */,
				2234A09A1B9574F900A78D8F /* UItableViewTests.xctest */,
			);
			name = Products;
			sourceTree = "<group>";
		};
		2234A0871B9574F800A78D8F /* UItableView */ = {
			isa = PBXGroup;
			children = (
				2234A08A1B9574F800A78D8F /* AppDelegate.swift */,
				2234A08C1B9574F800A78D8F /* ViewController.swift */,
				2234A0AA1B95776000A78D8F /* FirstTableViewCell.swift */,
				22DC3C8D1B959E1B0059FA35 /* SecondViewController.swift */,
				223321181B9689AB0003B9E6 /* threeViewController.swift */,
				2233211A1B96D1FF0003B9E6 /* FourViewController.swift */,
				2207DE381B9BD42E005B322D /* hyBridViewController.h */,
				2207DE391B9BD42E005B322D /* hyBridViewController.m */,
				2207DE3B1B9BD5DB005B322D /* act.swift */,
				22DFDEE01B9C1E4300DD271B /* RequestClient.swift */,
				22DFDEE21B9C1FDE00DD271B /* RequestAPI.swift */,
				2234A08E1B9574F800A78D8F /* Main.storyboard */,
				2234A0911B9574F800A78D8F /* Images.xcassets */,
				22DC3C8B1B958CE50059FA35 /* wodehaizi@2x.png */,
				2234A0931B9574F800A78D8F /* LaunchScreen.xib */,
				2234A0881B9574F800A78D8F /* Supporting Files */,
				2207DE371B9BD42E005B322D /* UItableView-Bridging-Header.h */,
			);
			path = UItableView;
			sourceTree = "<group>";
		};
		2234A0881B9574F800A78D8F /* Supporting Files */ = {
			isa = PBXGroup;
			children = (
				2234A0891B9574F800A78D8F /* Info.plist */,
			);
			name = "Supporting Files";
			sourceTree = "<group>";
		};
		2234A09D1B9574F900A78D8F /* UItableViewTests */ = {
			isa = PBXGroup;
			children = (
				2234A0A01B9574F900A78D8F /* UItableViewTests.swift */,
				2234A09E1B9574F900A78D8F /* Supporting Files */,
			);
			path = UItableViewTests;
			sourceTree = "<group>";
		};
		2234A09E1B9574F900A78D8F /* Supporting Files */ = {
			isa = PBXGroup;
			children = (
				2234A09F1B9574F900A78D8F /* Info.plist */,
			);
			name = "Supporting Files";
			sourceTree = "<group>";
		};
		682B6A4381065182552D40EC /* Pods */ = {
			isa = PBXGroup;
			children = (
				46C04144FD3E6E3652F6192A /* Pods.debug.xcconfig */,
				FEC021855DB86DF3BD8CF1F3 /* Pods.release.xcconfig */,
			);
			name = Pods;
			sourceTree = "<group>";
		};
		B73B8FB2CE323BF5CA6FCFC2 /* Frameworks */ = {
			isa = PBXGroup;
			children = (
				1AE48FCFF85AD2FE167DA21F /* libPods.a */,
			);
			name = Frameworks;
			sourceTree = "<group>";
		};
/* End PBXGroup section */

/* Begin PBXNativeTarget section */
		2234A0841B9574F800A78D8F /* UItableView */ = {
			isa = PBXNativeTarget;
			buildConfigurationList = 2234A0A41B9574F900A78D8F /* Build configuration list for PBXNativeTarget "UItableView" */;
			buildPhases = (
				1596A2A3F66E4EF6FFB59BB7 /* Check Pods Manifest.lock */,
				2234A0811B9574F800A78D8F /* Sources */,
				2234A0821B9574F800A78D8F /* Frameworks */,
				2234A0831B9574F800A78D8F /* Resources */,
				1CA79DB7B6161D9EF4BA1484 /* Copy Pods Resources */,
			);
			buildRules = (
			);
			dependencies = (
			);
			name = UItableView;
			productName = UItableView;
			productReference = 2234A0851B9574F800A78D8F /* UItableView.app */;
			productType = "com.apple.product-type.application";
		};
		2234A0991B9574F900A78D8F /* UItableViewTests */ = {
			isa = PBXNativeTarget;
			buildConfigurationList = 2234A0A71B9574F900A78D8F /* Build configuration list for PBXNativeTarget "UItableViewTests" */;
			buildPhases = (
				2234A0961B9574F900A78D8F /* Sources */,
				2234A0971B9574F900A78D8F /* Frameworks */,
				2234A0981B9574F900A78D8F /* Resources */,
			);
			buildRules = (
			);
			dependencies = (
				2234A09C1B9574F900A78D8F /* PBXTargetDependency */,
			);
			name = UItableViewTests;
			productName = UItableViewTests;
			productReference = 2234A09A1B9574F900A78D8F /* UItableViewTests.xctest */;
			productType = "com.apple.product-type.bundle.unit-test";
		};
/* End PBXNativeTarget section */

/* Begin PBXProject section */
		2234A07D1B9574F800A78D8F /* Project object */ = {
			isa = PBXProject;
			attributes = {
				LastUpgradeCheck = 0630;
				ORGANIZATIONNAME = erweimashengchengqi;
				TargetAttributes = {
					2234A0841B9574F800A78D8F = {
						CreatedOnToolsVersion = 6.3.1;
					};
					2234A0991B9574F900A78D8F = {
						CreatedOnToolsVersion = 6.3.1;
						TestTargetID = 2234A0841B9574F800A78D8F;
					};
				};
			};
			buildConfigurationList = 2234A0801B9574F800A78D8F /* Build configuration list for PBXProject "UItableView" */;
			compatibilityVersion = "Xcode 3.2";
			developmentRegion = English;
			hasScannedForEncodings = 0;
			knownRegions = (
				en,
				Base,
			);
			mainGroup = 2234A07C1B9574F800A78D8F;
			productRefGroup = 2234A0861B9574F800A78D8F /* Products */;
			projectDirPath = "";
			projectRoot = "";
			targets = (
				2234A0841B9574F800A78D8F /* UItableView */,
				2234A0991B9574F900A78D8F /* UItableViewTests */,
			);
		};
/* End PBXProject section */

/* Begin PBXResourcesBuildPhase section */
		2234A0831B9574F800A78D8F /* Resources */ = {
			isa = PBXResourcesBuildPhase;
			buildActionMask = 2147483647;
			files = (
				2234A0901B9574F800A78D8F /* Main.storyboard in Resources */,
				22DC3C8C1B958CE50059FA35 /* wodehaizi@2x.png in Resources */,
				2234A0951B9574F800A78D8F /* LaunchScreen.xib in Resources */,
				2234A0921B9574F800A78D8F /* Images.xcassets in Resources */,
			);
			runOnlyForDeploymentPostprocessing = 0;
		};
		2234A0981B9574F900A78D8F /* Resources */ = {
			isa = PBXResourcesBuildPhase;
			buildActionMask = 2147483647;
			files = (
			);
			runOnlyForDeploymentPostprocessing = 0;
		};
/* End PBXResourcesBuildPhase section */

/* Begin PBXShellScriptBuildPhase section */
		1596A2A3F66E4EF6FFB59BB7 /* Check Pods Manifest.lock */ = {
			isa = PBXShellScriptBuildPhase;
			buildActionMask = 2147483647;
			files = (
			);
			inputPaths = (
			);
			name = "Check Pods Manifest.lock";
			outputPaths = (
			);
			runOnlyForDeploymentPostprocessing = 0;
			shellPath = /bin/sh;
			shellScript = "diff \"${PODS_ROOT}/../Podfile.lock\" \"${PODS_ROOT}/Manifest.lock\" > /dev/null\nif [[ $? != 0 ]] ; then\n    cat << EOM\nerror: The sandbox is not in sync with the Podfile.lock. Run 'pod install' or update your CocoaPods installation.\nEOM\n    exit 1\nfi\n";
			showEnvVarsInLog = 0;
		};
		1CA79DB7B6161D9EF4BA1484 /* Copy Pods Resources */ = {
			isa = PBXShellScriptBuildPhase;
			buildActionMask = 2147483647;
			files = (
			);
			inputPaths = (
			);
			name = "Copy Pods Resources";
			outputPaths = (
			);
			runOnlyForDeploymentPostprocessing = 0;
			shellPath = /bin/sh;
			shellScript = "\"${SRCROOT}/Pods/Target Support Files/Pods/Pods-resources.sh\"\n";
			showEnvVarsInLog = 0;
		};
/* End PBXShellScriptBuildPhase section */

/* Begin PBXSourcesBuildPhase section */
		2234A0811B9574F800A78D8F /* Sources */ = {
			isa = PBXSourcesBuildPhase;
			buildActionMask = 2147483647;
			files = (
				223321191B9689AB0003B9E6 /* threeViewController.swift in Sources */,
				22DFDEE11B9C1E4300DD271B /* RequestClient.swift in Sources */,
				22DC3C8E1B959E1B0059FA35 /* SecondViewController.swift in Sources */,
				2233211B1B96D1FF0003B9E6 /* FourViewController.swift in Sources */,
				2234A0AB1B95776000A78D8F /* FirstTableViewCell.swift in Sources */,
				2207DE3C1B9BD5DB005B322D /* act.swift in Sources */,
				2234A08D1B9574F800A78D8F /* ViewController.swift in Sources */,
				2207DE3A1B9BD42E005B322D /* hyBridViewController.m in Sources */,
				22DFDEE31B9C1FDE00DD271B /* RequestAPI.swift in Sources */,
				2234A08B1B9574F800A78D8F /* AppDelegate.swift in Sources */,
			);
			runOnlyForDeploymentPostprocessing = 0;
		};
		2234A0961B9574F900A78D8F /* Sources */ = {
			isa = PBXSourcesBuildPhase;
			buildActionMask = 2147483647;
			files = (
				2234A0A11B9574F900A78D8F /* UItableViewTests.swift in Sources */,
			);
			runOnlyForDeploymentPostprocessing = 0;
		};
/* End PBXSourcesBuildPhase section */

/* Begin PBXTargetDependency section */
		2234A09C1B9574F900A78D8F /* PBXTargetDependency */ = {
			isa = PBXTargetDependency;
			target = 2234A0841B9574F800A78D8F /* UItableView */;
			targetProxy = 2234A09B1B9574F900A78D8F /* PBXContainerItemProxy */;
		};
/* End PBXTargetDependency section */

/* Begin PBXVariantGroup section */
		2234A08E1B9574F800A78D8F /* Main.storyboard */ = {
			isa = PBXVariantGroup;
			children = (
				2234A08F1B9574F800A78D8F /* Base */,
			);
			name = Main.storyboard;
			sourceTree = "<group>";
		};
		2234A0931B9574F800A78D8F /* LaunchScreen.xib */ = {
			isa = PBXVariantGroup;
			children = (
				2234A0941B9574F800A78D8F /* Base */,
			);
			name = LaunchScreen.xib;
			sourceTree = "<group>";
		};
/* End PBXVariantGroup section */

/* Begin XCBuildConfiguration section */
		2234A0A21B9574F900A78D8F /* Debug */ = {
			isa = XCBuildConfiguration;
			buildSettings = {
				ALWAYS_SEARCH_USER_PATHS = NO;
				CLANG_CXX_LANGUAGE_STANDARD = "gnu++0x";
				CLANG_CXX_LIBRARY = "libc++";
				CLANG_ENABLE_MODULES = YES;
				CLANG_ENABLE_OBJC_ARC = YES;
				CLANG_WARN_BOOL_CONVERSION = YES;
				CLANG_WARN_CONSTANT_CONVERSION = YES;
				CLANG_WARN_DIRECT_OBJC_ISA_USAGE = YES_ERROR;
				CLANG_WARN_EMPTY_BODY = YES;
				CLANG_WARN_ENUM_CONVERSION = YES;
				CLANG_WARN_INT_CONVERSION = YES;
				CLANG_WARN_OBJC_ROOT_CLASS = YES_ERROR;
				CLANG_WARN_UNREACHABLE_CODE = YES;
				CLANG_WARN__DUPLICATE_METHOD_MATCH = YES;
				"CODE_SIGN_IDENTITY[sdk=iphoneos*]" = "iPhone Developer";
				COPY_PHASE_STRIP = NO;
				DEBUG_INFORMATION_FORMAT = "dwarf-with-dsym";
				ENABLE_STRICT_OBJC_MSGSEND = YES;
				GCC_C_LANGUAGE_STANDARD = gnu99;
				GCC_DYNAMIC_NO_PIC = NO;
				GCC_NO_COMMON_BLOCKS = YES;
				GCC_OPTIMIZATION_LEVEL = 0;
				GCC_PREPROCESSOR_DEFINITIONS = (
					"DEBUG=1",
					"$(inherited)",
				);
				GCC_SYMBOLS_PRIVATE_EXTERN = NO;
				GCC_WARN_64_TO_32_BIT_CONVERSION = YES;
				GCC_WARN_ABOUT_RETURN_TYPE = YES_ERROR;
				GCC_WARN_UNDECLARED_SELECTOR = YES;
				GCC_WARN_UNINITIALIZED_AUTOS = YES_AGGRESSIVE;
				GCC_WARN_UNUSED_FUNCTION = YES;
				GCC_WARN_UNUSED_VARIABLE = YES;
				IPHONEOS_DEPLOYMENT_TARGET = 8.3;
				MTL_ENABLE_DEBUG_INFO = YES;
				ONLY_ACTIVE_ARCH = YES;
				SDKROOT = iphoneos;
				SWIFT_OPTIMIZATION_LEVEL = "-Onone";
			};
			name = Debug;
		};
		2234A0A31B9574F900A78D8F /* Release */ = {
			isa = XCBuildConfiguration;
			buildSettings = {
				ALWAYS_SEARCH_USER_PATHS = NO;
				CLANG_CXX_LANGUAGE_STANDARD = "gnu++0x";
				CLANG_CXX_LIBRARY = "libc++";
				CLANG_ENABLE_MODULES = YES;
				CLANG_ENABLE_OBJC_ARC = YES;
				CLANG_WARN_BOOL_CONVERSION = YES;
				CLANG_WARN_CONSTANT_CONVERSION = YES;
				CLANG_WARN_DIRECT_OBJC_ISA_USAGE = YES_ERROR;
				CLANG_WARN_EMPTY_BODY = YES;
				CLANG_WARN_ENUM_CONVERSION = YES;
				CLANG_WARN_INT_CONVERSION = YES;
				CLANG_WARN_OBJC_ROOT_CLASS = YES_ERROR;
				CLANG_WARN_UNREACHABLE_CODE = YES;
				CLANG_WARN__DUPLICATE_METHOD_MATCH = YES;
				"CODE_SIGN_IDENTITY[sdk=iphoneos*]" = "iPhone Developer";
				COPY_PHASE_STRIP = NO;
				DEBUG_INFORMATION_FORMAT = "dwarf-with-dsym";
				ENABLE_NS_ASSERTIONS = NO;
				ENABLE_STRICT_OBJC_MSGSEND = YES;
				GCC_C_LANGUAGE_STANDARD = gnu99;
				GCC_NO_COMMON_BLOCKS = YES;
				GCC_WARN_64_TO_32_BIT_CONVERSION = YES;
				GCC_WARN_ABOUT_RETURN_TYPE = YES_ERROR;
				GCC_WARN_UNDECLARED_SELECTOR = YES;
				GCC_WARN_UNINITIALIZED_AUTOS = YES_AGGRESSIVE;
				GCC_WARN_UNUSED_FUNCTION = YES;
				GCC_WARN_UNUSED_VARIABLE = YES;
				IPHONEOS_DEPLOYMENT_TARGET = 8.3;
				MTL_ENABLE_DEBUG_INFO = NO;
				SDKROOT = iphoneos;
				VALIDATE_PRODUCT = YES;
			};
			name = Release;
		};
		2234A0A51B9574F900A78D8F /* Debug */ = {
			isa = XCBuildConfiguration;
			baseConfigurationReference = 46C04144FD3E6E3652F6192A /* Pods.debug.xcconfig */;
			buildSettings = {
				ASSETCATALOG_COMPILER_APPICON_NAME = AppIcon;
				CLANG_ENABLE_MODULES = YES;
				INFOPLIST_FILE = UItableView/Info.plist;
				LD_RUNPATH_SEARCH_PATHS = "$(inherited) @executable_path/Frameworks";
				PRODUCT_NAME = "$(TARGET_NAME)";
				SWIFT_OBJC_BRIDGING_HEADER = "UItableView/UItableView-Bridging-Header.h";
				SWIFT_OPTIMIZATION_LEVEL = "-Onone";
			};
			name = Debug;
		};
		2234A0A61B9574F900A78D8F /* Release */ = {
			isa = XCBuildConfiguration;
			baseConfigurationReference = FEC021855DB86DF3BD8CF1F3 /* Pods.release.xcconfig */;
			buildSettings = {
				ASSETCATALOG_COMPILER_APPICON_NAME = AppIcon;
				CLANG_ENABLE_MODULES = YES;
				INFOPLIST_FILE = UItableView/Info.plist;
				LD_RUNPATH_SEARCH_PATHS = "$(inherited) @executable_path/Frameworks";
				PRODUCT_NAME = "$(TARGET_NAME)";
				SWIFT_OBJC_BRIDGING_HEADER = "UItableView/UItableView-Bridging-Header.h";
			};
			name = Release;
		};
		2234A0A81B9574F900A78D8F /* Debug */ = {
			isa = XCBuildConfiguration;
			buildSettings = {
				BUNDLE_LOADER = "$(TEST_HOST)";
				FRAMEWORK_SEARCH_PATHS = (
					"$(SDKROOT)/Developer/Library/Frameworks",
					"$(inherited)",
				);
				GCC_PREPROCESSOR_DEFINITIONS = (
					"DEBUG=1",
					"$(inherited)",
				);
				INFOPLIST_FILE = UItableViewTests/Info.plist;
				LD_RUNPATH_SEARCH_PATHS = "$(inherited) @executable_path/Frameworks @loader_path/Frameworks";
				PRODUCT_NAME = "$(TARGET_NAME)";
				TEST_HOST = "$(BUILT_PRODUCTS_DIR)/UItableView.app/UItableView";
			};
			name = Debug;
		};
		2234A0A91B9574F900A78D8F /* Release */ = {
			isa = XCBuildConfiguration;
			buildSettings = {
				BUNDLE_LOADER = "$(TEST_HOST)";
				FRAMEWORK_SEARCH_PATHS = (
					"$(SDKROOT)/Developer/Library/Frameworks",
					"$(inherited)",
				);
				INFOPLIST_FILE = UItableViewTests/Info.plist;
				LD_RUNPATH_SEARCH_PATHS = "$(inherited) @executable_path/Frameworks @loader_path/Frameworks";
				PRODUCT_NAME = "$(TARGET_NAME)";
				TEST_HOST = "$(BUILT_PRODUCTS_DIR)/UItableView.app/UItableView";
			};
			name = Release;
		};
/* End XCBuildConfiguration section */

/* Begin XCConfigurationList section */
		2234A0801B9574F800A78D8F /* Build configuration list for PBXProject "UItableView" */ = {
			isa = XCConfigurationList;
			buildConfigurations = (
				2234A0A21B9574F900A78D8F /* Debug */,
				2234A0A31B9574F900A78D8F /* Release */,
			);
			defaultConfigurationIsVisible = 0;
			defaultConfigurationName = Release;
		};
		2234A0A41B9574F900A78D8F /* Build configuration list for PBXNativeTarget "UItableView" */ = {
			isa = XCConfigurationList;
			buildConfigurations = (
				2234A0A51B9574F900A78D8F /* Debug */,
				2234A0A61B9574F900A78D8F /* Release */,
			);
			defaultConfigurationIsVisible = 0;
			defaultConfigurationName = Release;
		};
		2234A0A71B9574F900A78D8F /* Build configuration list for PBXNativeTarget "UItableViewTests" */ = {
			isa = XCConfigurationList;
			buildConfigurations = (
				2234A0A81B9574F900A78D8F /* Debug */,
				2234A0A91B9574F900A78D8F /* Release */,
			);
			defaultConfigurationIsVisible = 0;
			defaultConfigurationName = Release;
		};
/* End XCConfigurationList section */
	};
	rootObject = 2234A07D1B9574F800A78D8F /* Project object */;
}
